
Microsoft Visual Studio Solution File, Format Version 12.00
# Visual Studio 15
VisualStudioVersion = 15.0.27625.0
MinimumVisualStudioVersion = 10.0.40219.1
Project("{FAE04EC0-301F-11D3-BF4B-00C04F79EFBC}") = "SinjulMSBH_E11_Views", "SinjulMSBH_E11_Views\SinjulMSBH_E11_Views.csproj", "{8CDB0F77-16A3-41D9-AEA8-BFDEBC59C553}"
EndProject
Global
	GlobalSection(SolutionConfigurationPlatforms) = preSolution
		Debug|Any CPU = Debug|Any CPU
		Release|Any CPU = Release|Any CPU
	EndGlobalSection
	GlobalSection(ProjectConfigurationPlatforms) = postSolution
		{8CDB0F77-16A3-41D9-AEA8-BFDEBC59C553}.Debug|Any CPU.ActiveCfg = Debug|Any CPU
		{8CDB0F77-16A3-41D9-AEA8-BFDEBC59C553}.Debug|Any CPU.Build.0 = Debug|Any CPU
		{8CDB0F77-16A3-41D9-AEA8-BFDEBC59C553}.Release|Any CPU.ActiveCfg = Release|Any CPU
		{8CDB0F77-16A3-41D9-AEA8-BFDEBC59C553}.Release|Any CPU.Build.0 = Release|Any CPU
	EndGlobalSection
	GlobalSection(SolutionProperties) = preSolution
		HideSolutionNode = FALSE
	EndGlobalSection
	GlobalSection(ExtensibilityGlobals) = postSolution
		SolutionGuid = {9B9F8D0C-F33C-42CC-AA8F-5B02B4ED6EA2}
	EndGlobalSection
EndGlobal
